// !$*UTF8*$!
{
	archiveVersion = 1;
	classes = {
	};
	objectVersion = 46;
	objects = {

/* Begin PBXBuildFile section */
		220B68EA1CCE808000FB1D9E /* SourceSansPro-Black.otf in Resources */ = {isa = PBXBuildFile; fileRef = 220B68DE1CCE808000FB1D9E /* SourceSansPro-Black.otf */; };
		220B68EB1CCE808000FB1D9E /* SourceSansPro-BlackIt.otf in Resources */ = {isa = PBXBuildFile; fileRef = 220B68DF1CCE808000FB1D9E /* SourceSansPro-BlackIt.otf */; };
		220B68EC1CCE808000FB1D9E /* SourceSansPro-Bold.otf in Resources */ = {isa = PBXBuildFile; fileRef = 220B68E01CCE808000FB1D9E /* SourceSansPro-Bold.otf */; };
		220B68ED1CCE808000FB1D9E /* SourceSansPro-BoldIt.otf in Resources */ = {isa = PBXBuildFile; fileRef = 220B68E11CCE808000FB1D9E /* SourceSansPro-BoldIt.otf */; };
		220B68EE1CCE808000FB1D9E /* SourceSansPro-ExtraLight.otf in Resources */ = {isa = PBXBuildFile; fileRef = 220B68E21CCE808000FB1D9E /* SourceSansPro-ExtraLight.otf */; };
		220B68EF1CCE808000FB1D9E /* SourceSansPro-ExtraLightIt.otf in Resources */ = {isa = PBXBuildFile; fileRef = 220B68E31CCE808000FB1D9E /* SourceSansPro-ExtraLightIt.otf */; };
		220B68F01CCE808000FB1D9E /* SourceSansPro-It.otf in Resources */ = {isa = PBXBuildFile; fileRef = 220B68E41CCE808000FB1D9E /* SourceSansPro-It.otf */; };
		220B68F11CCE808000FB1D9E /* SourceSansPro-Light.otf in Resources */ = {isa = PBXBuildFile; fileRef = 220B68E51CCE808000FB1D9E /* SourceSansPro-Light.otf */; };
		220B68F21CCE808000FB1D9E /* SourceSansPro-LightIt.otf in Resources */ = {isa = PBXBuildFile; fileRef = 220B68E61CCE808000FB1D9E /* SourceSansPro-LightIt.otf */; };
		220B68F31CCE808000FB1D9E /* SourceSansPro-Regular.otf in Resources */ = {isa = PBXBuildFile; fileRef = 220B68E71CCE808000FB1D9E /* SourceSansPro-Regular.otf */; };
		220B68F41CCE808000FB1D9E /* SourceSansPro-Semibold.otf in Resources */ = {isa = PBXBuildFile; fileRef = 220B68E81CCE808000FB1D9E /* SourceSansPro-Semibold.otf */; };
		220B68F51CCE808000FB1D9E /* SourceSansPro-SemiboldIt.otf in Resources */ = {isa = PBXBuildFile; fileRef = 220B68E91CCE808000FB1D9E /* SourceSansPro-SemiboldIt.otf */; };
		220B68F91CCE9B9B00FB1D9E /* RemindMeAddButton.pdf in Resources */ = {isa = PBXBuildFile; fileRef = 220B68F81CCE9B9B00FB1D9E /* RemindMeAddButton.pdf */; };
		224D35EC1D00925A0070F816 /* CoreData.framework in Frameworks */ = {isa = PBXBuildFile; fileRef = 224D35EB1D00925A0070F816 /* CoreData.framework */; };
		224D35F21D00CAE70070F816 /* CoreDataStack.m in Sources */ = {isa = PBXBuildFile; fileRef = 224D35F11D00CAE70070F816 /* CoreDataStack.m */; };
		22681CC81CCA689F00FC6EF9 /* main.m in Sources */ = {isa = PBXBuildFile; fileRef = 22681CC71CCA689F00FC6EF9 /* main.m */; };
		22681CCB1CCA689F00FC6EF9 /* AppDelegate.m in Sources */ = {isa = PBXBuildFile; fileRef = 22681CCA1CCA689F00FC6EF9 /* AppDelegate.m */; };
		22681CCE1CCA689F00FC6EF9 /* ViewController.m in Sources */ = {isa = PBXBuildFile; fileRef = 22681CCD1CCA689F00FC6EF9 /* ViewController.m */; };
		22681CD11CCA689F00FC6EF9 /* Main.storyboard in Resources */ = {isa = PBXBuildFile; fileRef = 22681CCF1CCA689F00FC6EF9 /* Main.storyboard */; };
		22681CD41CCA689F00FC6EF9 /* RemindMe.xcdatamodeld in Sources */ = {isa = PBXBuildFile; fileRef = 22681CD21CCA689F00FC6EF9 /* RemindMe.xcdatamodeld */; };
		22681CD61CCA689F00FC6EF9 /* Assets.xcassets in Resources */ = {isa = PBXBuildFile; fileRef = 22681CD51CCA689F00FC6EF9 /* Assets.xcassets */; };
		22681CD91CCA689F00FC6EF9 /* LaunchScreen.storyboard in Resources */ = {isa = PBXBuildFile; fileRef = 22681CD71CCA689F00FC6EF9 /* LaunchScreen.storyboard */; };
		2286BAF21CCE77C200EE7FBD /* RemindMeSplash-320x480.png in Resources */ = {isa = PBXBuildFile; fileRef = 2286BAED1CCE77C200EE7FBD /* RemindMeSplash-320x480.png */; };
		2286BAF31CCE77C200EE7FBD /* RemindMeSplash-640x960.png in Resources */ = {isa = PBXBuildFile; fileRef = 2286BAEE1CCE77C200EE7FBD /* RemindMeSplash-640x960.png */; };
		2286BAF41CCE77C200EE7FBD /* RemindMeSplash-640x1136.png in Resources */ = {isa = PBXBuildFile; fileRef = 2286BAEF1CCE77C200EE7FBD /* RemindMeSplash-640x1136.png */; };
		2286BAF51CCE77C200EE7FBD /* RemindMeSplash-1242x2208.png in Resources */ = {isa = PBXBuildFile; fileRef = 2286BAF01CCE77C200EE7FBD /* RemindMeSplash-1242x2208.png */; };
		2286BAF61CCE77C200EE7FBD /* RemindMeSplash750x1334.png in Resources */ = {isa = PBXBuildFile; fileRef = 2286BAF11CCE77C200EE7FBD /* RemindMeSplash750x1334.png */; };
		2286BAF81CCE7DF600EE7FBD /* RemindMelogo.png in Resources */ = {isa = PBXBuildFile; fileRef = 2286BAF71CCE7DF600EE7FBD /* RemindMelogo.png */; };
		22B214921CE109C900B7E242 /* UpcomingRemindersTableViewController.m in Sources */ = {isa = PBXBuildFile; fileRef = 22B214911CE109C900B7E242 /* UpcomingRemindersTableViewController.m */; };
		22E12B1A1CE0EB5E00498D03 /* UIPlaceHolderTextView.m in Sources */ = {isa = PBXBuildFile; fileRef = 22E12B191CE0EB5E00498D03 /* UIPlaceHolderTextView.m */; };
		22E12B201CE0F0EF00498D03 /* EnterReminderViewController.m in Sources */ = {isa = PBXBuildFile; fileRef = 22E12B1F1CE0F0EF00498D03 /* EnterReminderViewController.m */; };
		22E12B231CE1066100498D03 /* EnterScheduleViewController.m in Sources */ = {isa = PBXBuildFile; fileRef = 22E12B221CE1066100498D03 /* EnterScheduleViewController.m */; };
		22E12B251CE107F300498D03 /* RM logo.pdf in Resources */ = {isa = PBXBuildFile; fileRef = 22E12B241CE107F300498D03 /* RM logo.pdf */; };
		22E26D291D08F2810097DD7F /* RemindMe.xcdatamodeld in Sources */ = {isa = PBXBuildFile; fileRef = 22E26D271D08F2810097DD7F /* RemindMe.xcdatamodeld */; };
		22E26D2E1D08F4480097DD7F /* ReminderEntry+CoreDataProperties.m in Sources */ = {isa = PBXBuildFile; fileRef = 22E26D2B1D08F4480097DD7F /* ReminderEntry+CoreDataProperties.m */; };
		22E26D2F1D08F4480097DD7F /* ReminderEntry.m in Sources */ = {isa = PBXBuildFile; fileRef = 22E26D2D1D08F4480097DD7F /* ReminderEntry.m */; };
/* End PBXBuildFile section */

/* Begin PBXFileReference section */
		220B68DE1CCE808000FB1D9E /* SourceSansPro-Black.otf */ = {isa = PBXFileReference; lastKnownFileType = file; path = "SourceSansPro-Black.otf"; sourceTree = "<group>"; };
		220B68DF1CCE808000FB1D9E /* SourceSansPro-BlackIt.otf */ = {isa = PBXFileReference; lastKnownFileType = file; path = "SourceSansPro-BlackIt.otf"; sourceTree = "<group>"; };
		220B68E01CCE808000FB1D9E /* SourceSansPro-Bold.otf */ = {isa = PBXFileReference; lastKnownFileType = file; path = "SourceSansPro-Bold.otf"; sourceTree = "<group>"; };
		220B68E11CCE808000FB1D9E /* SourceSansPro-BoldIt.otf */ = {isa = PBXFileReference; lastKnownFileType = file; path = "SourceSansPro-BoldIt.otf"; sourceTree = "<group>"; };
		220B68E21CCE808000FB1D9E /* SourceSansPro-ExtraLight.otf */ = {isa = PBXFileReference; lastKnownFileType = file; path = "SourceSansPro-ExtraLight.otf"; sourceTree = "<group>"; };
		220B68E31CCE808000FB1D9E /* SourceSansPro-ExtraLightIt.otf */ = {isa = PBXFileReference; lastKnownFileType = file; path = "SourceSansPro-ExtraLightIt.otf"; sourceTree = "<group>"; };
		220B68E41CCE808000FB1D9E /* SourceSansPro-It.otf */ = {isa = PBXFileReference; lastKnownFileType = file; path = "SourceSansPro-It.otf"; sourceTree = "<group>"; };
		220B68E51CCE808000FB1D9E /* SourceSansPro-Light.otf */ = {isa = PBXFileReference; lastKnownFileType = file; path = "SourceSansPro-Light.otf"; sourceTree = "<group>"; };
		220B68E61CCE808000FB1D9E /* SourceSansPro-LightIt.otf */ = {isa = PBXFileReference; lastKnownFileType = file; path = "SourceSansPro-LightIt.otf"; sourceTree = "<group>"; };
		220B68E71CCE808000FB1D9E /* SourceSansPro-Regular.otf */ = {isa = PBXFileReference; lastKnownFileType = file; path = "SourceSansPro-Regular.otf"; sourceTree = "<group>"; };
		220B68E81CCE808000FB1D9E /* SourceSansPro-Semibold.otf */ = {isa = PBXFileReference; lastKnownFileType = file; path = "SourceSansPro-Semibold.otf"; sourceTree = "<group>"; };
		220B68E91CCE808000FB1D9E /* SourceSansPro-SemiboldIt.otf */ = {isa = PBXFileReference; lastKnownFileType = file; path = "SourceSansPro-SemiboldIt.otf"; sourceTree = "<group>"; };
		220B68F81CCE9B9B00FB1D9E /* RemindMeAddButton.pdf */ = {isa = PBXFileReference; lastKnownFileType = image.pdf; path = RemindMeAddButton.pdf; sourceTree = "<group>"; };
		224D35EB1D00925A0070F816 /* CoreData.framework */ = {isa = PBXFileReference; lastKnownFileType = wrapper.framework; name = CoreData.framework; path = System/Library/Frameworks/CoreData.framework; sourceTree = SDKROOT; };
		224D35F01D00CAE70070F816 /* CoreDataStack.h */ = {isa = PBXFileReference; fileEncoding = 4; lastKnownFileType = sourcecode.c.h; name = CoreDataStack.h; path = RemindMe/CoreDataStack.h; sourceTree = SOURCE_ROOT; };
		224D35F11D00CAE70070F816 /* CoreDataStack.m */ = {isa = PBXFileReference; fileEncoding = 4; lastKnownFileType = sourcecode.c.objc; name = CoreDataStack.m; path = RemindMe/CoreDataStack.m; sourceTree = SOURCE_ROOT; };
		22681CC31CCA689F00FC6EF9 /* RemindMe.app */ = {isa = PBXFileReference; explicitFileType = wrapper.application; includeInIndex = 0; path = RemindMe.app; sourceTree = BUILT_PRODUCTS_DIR; };
		22681CC71CCA689F00FC6EF9 /* main.m */ = {isa = PBXFileReference; lastKnownFileType = sourcecode.c.objc; path = main.m; sourceTree = "<group>"; };
		22681CC91CCA689F00FC6EF9 /* AppDelegate.h */ = {isa = PBXFileReference; lastKnownFileType = sourcecode.c.h; path = AppDelegate.h; sourceTree = "<group>"; };
		22681CCA1CCA689F00FC6EF9 /* AppDelegate.m */ = {isa = PBXFileReference; lastKnownFileType = sourcecode.c.objc; path = AppDelegate.m; sourceTree = "<group>"; };
		22681CCC1CCA689F00FC6EF9 /* ViewController.h */ = {isa = PBXFileReference; lastKnownFileType = sourcecode.c.h; path = ViewController.h; sourceTree = "<group>"; };
		22681CCD1CCA689F00FC6EF9 /* ViewController.m */ = {isa = PBXFileReference; lastKnownFileType = sourcecode.c.objc; path = ViewController.m; sourceTree = "<group>"; };
		22681CD01CCA689F00FC6EF9 /* Base */ = {isa = PBXFileReference; lastKnownFileType = file.storyboard; name = Base; path = Base.lproj/Main.storyboard; sourceTree = "<group>"; };
		22681CD31CCA689F00FC6EF9 /* RemindMe.xcdatamodel */ = {isa = PBXFileReference; lastKnownFileType = wrapper.xcdatamodel; path = RemindMe.xcdatamodel; sourceTree = "<group>"; };
		22681CD51CCA689F00FC6EF9 /* Assets.xcassets */ = {isa = PBXFileReference; lastKnownFileType = folder.assetcatalog; path = Assets.xcassets; sourceTree = "<group>"; };
		22681CD81CCA689F00FC6EF9 /* Base */ = {isa = PBXFileReference; lastKnownFileType = file.storyboard; name = Base; path = Base.lproj/LaunchScreen.storyboard; sourceTree = "<group>"; };
		22681CDA1CCA689F00FC6EF9 /* Info.plist */ = {isa = PBXFileReference; lastKnownFileType = text.plist.xml; path = Info.plist; sourceTree = "<group>"; };
		2286BAED1CCE77C200EE7FBD /* RemindMeSplash-320x480.png */ = {isa = PBXFileReference; lastKnownFileType = image.png; path = "RemindMeSplash-320x480.png"; sourceTree = "<group>"; };
		2286BAEE1CCE77C200EE7FBD /* RemindMeSplash-640x960.png */ = {isa = PBXFileReference; lastKnownFileType = image.png; path = "RemindMeSplash-640x960.png"; sourceTree = "<group>"; };
		2286BAEF1CCE77C200EE7FBD /* RemindMeSplash-640x1136.png */ = {isa = PBXFileReference; lastKnownFileType = image.png; path = "RemindMeSplash-640x1136.png"; sourceTree = "<group>"; };
		2286BAF01CCE77C200EE7FBD /* RemindMeSplash-1242x2208.png */ = {isa = PBXFileReference; lastKnownFileType = image.png; path = "RemindMeSplash-1242x2208.png"; sourceTree = "<group>"; };
		2286BAF11CCE77C200EE7FBD /* RemindMeSplash750x1334.png */ = {isa = PBXFileReference; lastKnownFileType = image.png; path = RemindMeSplash750x1334.png; sourceTree = "<group>"; };
		2286BAF71CCE7DF600EE7FBD /* RemindMelogo.png */ = {isa = PBXFileReference; lastKnownFileType = image.png; path = RemindMelogo.png; sourceTree = "<group>"; };
		22B214901CE109C900B7E242 /* UpcomingRemindersTableViewController.h */ = {isa = PBXFileReference; fileEncoding = 4; lastKnownFileType = sourcecode.c.h; path = UpcomingRemindersTableViewController.h; sourceTree = "<group>"; };
		22B214911CE109C900B7E242 /* UpcomingRemindersTableViewController.m */ = {isa = PBXFileReference; fileEncoding = 4; lastKnownFileType = sourcecode.c.objc; path = UpcomingRemindersTableViewController.m; sourceTree = "<group>"; };
		22E12B181CE0EB5E00498D03 /* UIPlaceHolderTextView.h */ = {isa = PBXFileReference; fileEncoding = 4; lastKnownFileType = sourcecode.c.h; path = UIPlaceHolderTextView.h; sourceTree = "<group>"; };
		22E12B191CE0EB5E00498D03 /* UIPlaceHolderTextView.m */ = {isa = PBXFileReference; fileEncoding = 4; lastKnownFileType = sourcecode.c.objc; path = UIPlaceHolderTextView.m; sourceTree = "<group>"; };
		22E12B1E1CE0F0EF00498D03 /* EnterReminderViewController.h */ = {isa = PBXFileReference; fileEncoding = 4; lastKnownFileType = sourcecode.c.h; path = EnterReminderViewController.h; sourceTree = "<group>"; };
		22E12B1F1CE0F0EF00498D03 /* EnterReminderViewController.m */ = {isa = PBXFileReference; fileEncoding = 4; lastKnownFileType = sourcecode.c.objc; path = EnterReminderViewController.m; sourceTree = "<group>"; };
		22E12B211CE1066100498D03 /* EnterScheduleViewController.h */ = {isa = PBXFileReference; fileEncoding = 4; lastKnownFileType = sourcecode.c.h; path = EnterScheduleViewController.h; sourceTree = "<group>"; };
		22E12B221CE1066100498D03 /* EnterScheduleViewController.m */ = {isa = PBXFileReference; fileEncoding = 4; lastKnownFileType = sourcecode.c.objc; path = EnterScheduleViewController.m; sourceTree = "<group>"; };
		22E12B241CE107F300498D03 /* RM logo.pdf */ = {isa = PBXFileReference; lastKnownFileType = image.pdf; path = "RM logo.pdf"; sourceTree = "<group>"; };
		22E26D281D08F2810097DD7F /* RemindMe.xcdatamodel */ = {isa = PBXFileReference; lastKnownFileType = wrapper.xcdatamodel; path = RemindMe.xcdatamodel; sourceTree = "<group>"; };
		22E26D2A1D08F4480097DD7F /* ReminderEntry+CoreDataProperties.h */ = {isa = PBXFileReference; fileEncoding = 4; lastKnownFileType = sourcecode.c.h; name = "ReminderEntry+CoreDataProperties.h"; path = "RemindMe/ReminderEntry+CoreDataProperties.h"; sourceTree = "<group>"; };
		22E26D2B1D08F4480097DD7F /* ReminderEntry+CoreDataProperties.m */ = {isa = PBXFileReference; fileEncoding = 4; lastKnownFileType = sourcecode.c.objc; name = "ReminderEntry+CoreDataProperties.m"; path = "RemindMe/ReminderEntry+CoreDataProperties.m"; sourceTree = "<group>"; };
		22E26D2C1D08F4480097DD7F /* ReminderEntry.h */ = {isa = PBXFileReference; fileEncoding = 4; lastKnownFileType = sourcecode.c.h; name = ReminderEntry.h; path = RemindMe/ReminderEntry.h; sourceTree = "<group>"; };
		22E26D2D1D08F4480097DD7F /* ReminderEntry.m */ = {isa = PBXFileReference; fileEncoding = 4; lastKnownFileType = sourcecode.c.objc; name = ReminderEntry.m; path = RemindMe/ReminderEntry.m; sourceTree = "<group>"; };
/* End PBXFileReference section */

/* Begin PBXFrameworksBuildPhase section */
		22681CC01CCA689F00FC6EF9 /* Frameworks */ = {
			isa = PBXFrameworksBuildPhase;
			buildActionMask = 2147483647;
			files = (
				224D35EC1D00925A0070F816 /* CoreData.framework in Frameworks */,
			);
			runOnlyForDeploymentPostprocessing = 0;
		};
/* End PBXFrameworksBuildPhase section */

/* Begin PBXGroup section */
		220B68DD1CCE808000FB1D9E /* SourceSansPro */ = {
			isa = PBXGroup;
			children = (
				220B68DE1CCE808000FB1D9E /* SourceSansPro-Black.otf */,
				220B68DF1CCE808000FB1D9E /* SourceSansPro-BlackIt.otf */,
				220B68E01CCE808000FB1D9E /* SourceSansPro-Bold.otf */,
				220B68E11CCE808000FB1D9E /* SourceSansPro-BoldIt.otf */,
				220B68E21CCE808000FB1D9E /* SourceSansPro-ExtraLight.otf */,
				220B68E31CCE808000FB1D9E /* SourceSansPro-ExtraLightIt.otf */,
				220B68E41CCE808000FB1D9E /* SourceSansPro-It.otf */,
				220B68E51CCE808000FB1D9E /* SourceSansPro-Light.otf */,
				220B68E61CCE808000FB1D9E /* SourceSansPro-LightIt.otf */,
				220B68E71CCE808000FB1D9E /* SourceSansPro-Regular.otf */,
				220B68E81CCE808000FB1D9E /* SourceSansPro-Semibold.otf */,
				220B68E91CCE808000FB1D9E /* SourceSansPro-SemiboldIt.otf */,
			);
			path = SourceSansPro;
			sourceTree = "<group>";
		};
		22681CBA1CCA689F00FC6EF9 = {
			isa = PBXGroup;
			children = (
				22E26D2A1D08F4480097DD7F /* ReminderEntry+CoreDataProperties.h */,
				22E26D2B1D08F4480097DD7F /* ReminderEntry+CoreDataProperties.m */,
				22E26D2C1D08F4480097DD7F /* ReminderEntry.h */,
				22E26D2D1D08F4480097DD7F /* ReminderEntry.m */,
				22681CC51CCA689F00FC6EF9 /* RemindMe */,
				22681CC41CCA689F00FC6EF9 /* Products */,
			);
			sourceTree = "<group>";
		};
		22681CC41CCA689F00FC6EF9 /* Products */ = {
			isa = PBXGroup;
			children = (
				22681CC31CCA689F00FC6EF9 /* RemindMe.app */,
			);
			name = Products;
			sourceTree = "<group>";
		};
		22681CC51CCA689F00FC6EF9 /* RemindMe */ = {
			isa = PBXGroup;
			children = (
				224D35F01D00CAE70070F816 /* CoreDataStack.h */,
				224D35F11D00CAE70070F816 /* CoreDataStack.m */,
				22681CC91CCA689F00FC6EF9 /* AppDelegate.h */,
				22681CCA1CCA689F00FC6EF9 /* AppDelegate.m */,
				22681CCC1CCA689F00FC6EF9 /* ViewController.h */,
				22681CCD1CCA689F00FC6EF9 /* ViewController.m */,
				226C0ECE1D032B9B005E121E /* Enter Reminder View Controller */,
				22E12B211CE1066100498D03 /* EnterScheduleViewController.h */,
				22E12B221CE1066100498D03 /* EnterScheduleViewController.m */,
				22B214901CE109C900B7E242 /* UpcomingRemindersTableViewController.h */,
				22B214911CE109C900B7E242 /* UpcomingRemindersTableViewController.m */,
				22681CCF1CCA689F00FC6EF9 /* Main.storyboard */,
				22681CD51CCA689F00FC6EF9 /* Assets.xcassets */,
				22681CD71CCA689F00FC6EF9 /* LaunchScreen.storyboard */,
				22681CDA1CCA689F00FC6EF9 /* Info.plist */,
				22E26D271D08F2810097DD7F /* RemindMe.xcdatamodeld */,
				224D35EB1D00925A0070F816 /* CoreData.framework */,
				22681CC61CCA689F00FC6EF9 /* Supporting Files */,
			);
			path = RemindMe;
			sourceTree = "<group>";
		};
		22681CC61CCA689F00FC6EF9 /* Supporting Files */ = {
			isa = PBXGroup;
			children = (
				22E12B241CE107F300498D03 /* RM logo.pdf */,
				220B68F81CCE9B9B00FB1D9E /* RemindMeAddButton.pdf */,
				22681CD21CCA689F00FC6EF9 /* RemindMe.xcdatamodeld */,
				2286BAF71CCE7DF600EE7FBD /* RemindMelogo.png */,
				2286BAED1CCE77C200EE7FBD /* RemindMeSplash-320x480.png */,
				2286BAEE1CCE77C200EE7FBD /* RemindMeSplash-640x960.png */,
				2286BAEF1CCE77C200EE7FBD /* RemindMeSplash-640x1136.png */,
				2286BAF01CCE77C200EE7FBD /* RemindMeSplash-1242x2208.png */,
				2286BAF11CCE77C200EE7FBD /* RemindMeSplash750x1334.png */,
				220B68DD1CCE808000FB1D9E /* SourceSansPro */,
				22681CC71CCA689F00FC6EF9 /* main.m */,
			);
			name = "Supporting Files";
			sourceTree = "<group>";
		};
		226C0ECE1D032B9B005E121E /* Enter Reminder View Controller */ = {
			isa = PBXGroup;
			children = (
				22E12B1E1CE0F0EF00498D03 /* EnterReminderViewController.h */,
				22E12B1F1CE0F0EF00498D03 /* EnterReminderViewController.m */,
				22E12B181CE0EB5E00498D03 /* UIPlaceHolderTextView.h */,
				22E12B191CE0EB5E00498D03 /* UIPlaceHolderTextView.m */,
			);
			name = "Enter Reminder View Controller";
			sourceTree = "<group>";
		};
/* End PBXGroup section */

/* Begin PBXNativeTarget section */
		22681CC21CCA689F00FC6EF9 /* RemindMe */ = {
			isa = PBXNativeTarget;
			buildConfigurationList = 22681CDD1CCA689F00FC6EF9 /* Build configuration list for PBXNativeTarget "RemindMe" */;
			buildPhases = (
				22681CBF1CCA689F00FC6EF9 /* Sources */,
				22681CC01CCA689F00FC6EF9 /* Frameworks */,
				22681CC11CCA689F00FC6EF9 /* Resources */,
			);
			buildRules = (
			);
			dependencies = (
			);
			name = RemindMe;
			productName = RemindMe;
			productReference = 22681CC31CCA689F00FC6EF9 /* RemindMe.app */;
			productType = "com.apple.product-type.application";
		};
/* End PBXNativeTarget section */

/* Begin PBXProject section */
		22681CBB1CCA689F00FC6EF9 /* Project object */ = {
			isa = PBXProject;
			attributes = {
				KnownAssetTags = (
					Model.,
				);
				LastUpgradeCheck = 0700;
				ORGANIZATIONNAME = "Leah Padgett";
				TargetAttributes = {
					22681CC21CCA689F00FC6EF9 = {
						CreatedOnToolsVersion = 7.0.1;
						DevelopmentTeam = UF3U66NFP6;
						SystemCapabilities = {
							com.apple.Push = {
								enabled = 1;
							};
						};
					};
				};
			};
			buildConfigurationList = 22681CBE1CCA689F00FC6EF9 /* Build configuration list for PBXProject "RemindMe" */;
			compatibilityVersion = "Xcode 3.2";
			developmentRegion = English;
			hasScannedForEncodings = 0;
			knownRegions = (
				en,
				Base,
			);
			mainGroup = 22681CBA1CCA689F00FC6EF9;
			productRefGroup = 22681CC41CCA689F00FC6EF9 /* Products */;
			projectDirPath = "";
			projectRoot = "";
			targets = (
				22681CC21CCA689F00FC6EF9 /* RemindMe */,
			);
		};
/* End PBXProject section */

/* Begin PBXResourcesBuildPhase section */
		22681CC11CCA689F00FC6EF9 /* Resources */ = {
			isa = PBXResourcesBuildPhase;
			buildActionMask = 2147483647;
			files = (
				2286BAF61CCE77C200EE7FBD /* RemindMeSplash750x1334.png in Resources */,
				2286BAF41CCE77C200EE7FBD /* RemindMeSplash-640x1136.png in Resources */,
				22681CD91CCA689F00FC6EF9 /* LaunchScreen.storyboard in Resources */,
				220B68F21CCE808000FB1D9E /* SourceSansPro-LightIt.otf in Resources */,
				220B68F41CCE808000FB1D9E /* SourceSansPro-Semibold.otf in Resources */,
				220B68EF1CCE808000FB1D9E /* SourceSansPro-ExtraLightIt.otf in Resources */,
				220B68EA1CCE808000FB1D9E /* SourceSansPro-Black.otf in Resources */,
				220B68F31CCE808000FB1D9E /* SourceSansPro-Regular.otf in Resources */,
				22681CD61CCA689F00FC6EF9 /* Assets.xcassets in Resources */,
				2286BAF51CCE77C200EE7FBD /* RemindMeSplash-1242x2208.png in Resources */,
				22681CD11CCA689F00FC6EF9 /* Main.storyboard in Resources */,
				220B68F11CCE808000FB1D9E /* SourceSansPro-Light.otf in Resources */,
				2286BAF21CCE77C200EE7FBD /* RemindMeSplash-320x480.png in Resources */,
				220B68F91CCE9B9B00FB1D9E /* RemindMeAddButton.pdf in Resources */,
				2286BAF81CCE7DF600EE7FBD /* RemindMelogo.png in Resources */,
				22E12B251CE107F300498D03 /* RM logo.pdf in Resources */,
				2286BAF31CCE77C200EE7FBD /* RemindMeSplash-640x960.png in Resources */,
				220B68ED1CCE808000FB1D9E /* SourceSansPro-BoldIt.otf in Resources */,
				220B68F01CCE808000FB1D9E /* SourceSansPro-It.otf in Resources */,
				220B68EE1CCE808000FB1D9E /* SourceSansPro-ExtraLight.otf in Resources */,
				220B68EC1CCE808000FB1D9E /* SourceSansPro-Bold.otf in Resources */,
				220B68F51CCE808000FB1D9E /* SourceSansPro-SemiboldIt.otf in Resources */,
				220B68EB1CCE808000FB1D9E /* SourceSansPro-BlackIt.otf in Resources */,
			);
			runOnlyForDeploymentPostprocessing = 0;
		};
/* End PBXResourcesBuildPhase section */

/* Begin PBXSourcesBuildPhase section */
		22681CBF1CCA689F00FC6EF9 /* Sources */ = {
			isa = PBXSourcesBuildPhase;
			buildActionMask = 2147483647;
			files = (
				22E26D291D08F2810097DD7F /* RemindMe.xcdatamodeld in Sources */,
				22681CCE1CCA689F00FC6EF9 /* ViewController.m in Sources */,
				22E26D2F1D08F4480097DD7F /* ReminderEntry.m in Sources */,
				22E26D2E1D08F4480097DD7F /* ReminderEntry+CoreDataProperties.m in Sources */,
				22681CCB1CCA689F00FC6EF9 /* AppDelegate.m in Sources */,
				22E12B1A1CE0EB5E00498D03 /* UIPlaceHolderTextView.m in Sources */,
				22B214921CE109C900B7E242 /* UpcomingRemindersTableViewController.m in Sources */,
				22681CD41CCA689F00FC6EF9 /* RemindMe.xcdatamodeld in Sources */,
				224D35F21D00CAE70070F816 /* CoreDataStack.m in Sources */,
				22681CC81CCA689F00FC6EF9 /* main.m in Sources */,
				22E12B201CE0F0EF00498D03 /* EnterReminderViewController.m in Sources */,
				22E12B231CE1066100498D03 /* EnterScheduleViewController.m in Sources */,
			);
			runOnlyForDeploymentPostprocessing = 0;
		};
/* End PBXSourcesBuildPhase section */

/* Begin PBXVariantGroup section */
		22681CCF1CCA689F00FC6EF9 /* Main.storyboard */ = {
			isa = PBXVariantGroup;
			children = (
				22681CD01CCA689F00FC6EF9 /* Base */,
			);
			name = Main.storyboard;
			sourceTree = "<group>";
		};
		22681CD71CCA689F00FC6EF9 /* LaunchScreen.storyboard */ = {
			isa = PBXVariantGroup;
			children = (
				22681CD81CCA689F00FC6EF9 /* Base */,
			);
			name = LaunchScreen.storyboard;
			sourceTree = "<group>";
		};
/* End PBXVariantGroup section */

/* Begin XCBuildConfiguration section */
		22681CDB1CCA689F00FC6EF9 /* Debug */ = {
			isa = XCBuildConfiguration;
			buildSettings = {
				ALWAYS_SEARCH_USER_PATHS = NO;
				CLANG_CXX_LANGUAGE_STANDARD = "gnu++0x";
				CLANG_CXX_LIBRARY = "libc++";
				CLANG_ENABLE_MODULES = YES;
				CLANG_ENABLE_OBJC_ARC = YES;
				CLANG_WARN_BOOL_CONVERSION = YES;
				CLANG_WARN_CONSTANT_CONVERSION = YES;
				CLANG_WARN_DIRECT_OBJC_ISA_USAGE = YES_ERROR;
				CLANG_WARN_EMPTY_BODY = YES;
				CLANG_WARN_ENUM_CONVERSION = YES;
				CLANG_WARN_INT_CONVERSION = YES;
				CLANG_WARN_OBJC_ROOT_CLASS = YES_ERROR;
				CLANG_WARN_UNREACHABLE_CODE = YES;
				CLANG_WARN__DUPLICATE_METHOD_MATCH = YES;
				"CODE_SIGN_IDENTITY[sdk=iphoneos*]" = "iPhone Developer";
				COPY_PHASE_STRIP = NO;
				DEBUG_INFORMATION_FORMAT = dwarf;
				ENABLE_STRICT_OBJC_MSGSEND = YES;
				ENABLE_TESTABILITY = YES;
				GCC_C_LANGUAGE_STANDARD = gnu99;
				GCC_DYNAMIC_NO_PIC = NO;
				GCC_NO_COMMON_BLOCKS = YES;
				GCC_OPTIMIZATION_LEVEL = 0;
				GCC_PREPROCESSOR_DEFINITIONS = (
					"DEBUG=1",
					"$(inherited)",
				);
				GCC_WARN_64_TO_32_BIT_CONVERSION = YES;
				GCC_WARN_ABOUT_RETURN_TYPE = YES_ERROR;
				GCC_WARN_UNDECLARED_SELECTOR = YES;
				GCC_WARN_UNINITIALIZED_AUTOS = YES_AGGRESSIVE;
				GCC_WARN_UNUSED_FUNCTION = YES;
				GCC_WARN_UNUSED_VARIABLE = YES;
				IPHONEOS_DEPLOYMENT_TARGET = 9.0;
				MTL_ENABLE_DEBUG_INFO = YES;
				ONLY_ACTIVE_ARCH = YES;
				SDKROOT = iphoneos;
			};
			name = Debug;
		};
		22681CDC1CCA689F00FC6EF9 /* Release */ = {
			isa = XCBuildConfiguration;
			buildSettings = {
				ALWAYS_SEARCH_USER_PATHS = NO;
				CLANG_CXX_LANGUAGE_STANDARD = "gnu++0x";
				CLANG_CXX_LIBRARY = "libc++";
				CLANG_ENABLE_MODULES = YES;
				CLANG_ENABLE_OBJC_ARC = YES;
				CLANG_WARN_BOOL_CONVERSION = YES;
				CLANG_WARN_CONSTANT_CONVERSION = YES;
				CLANG_WARN_DIRECT_OBJC_ISA_USAGE = YES_ERROR;
				CLANG_WARN_EMPTY_BODY = YES;
				CLANG_WARN_ENUM_CONVERSION = YES;
				CLANG_WARN_INT_CONVERSION = YES;
				CLANG_WARN_OBJC_ROOT_CLASS = YES_ERROR;
				CLANG_WARN_UNREACHABLE_CODE = YES;
				CLANG_WARN__DUPLICATE_METHOD_MATCH = YES;
				"CODE_SIGN_IDENTITY[sdk=iphoneos*]" = "iPhone Developer";
				COPY_PHASE_STRIP = NO;
				DEBUG_INFORMATION_FORMAT = "dwarf-with-dsym";
				ENABLE_NS_ASSERTIONS = NO;
				ENABLE_STRICT_OBJC_MSGSEND = YES;
				GCC_C_LANGUAGE_STANDARD = gnu99;
				GCC_NO_COMMON_BLOCKS = YES;
				GCC_WARN_64_TO_32_BIT_CONVERSION = YES;
				GCC_WARN_ABOUT_RETURN_TYPE = YES_ERROR;
				GCC_WARN_UNDECLARED_SELECTOR = YES;
				GCC_WARN_UNINITIALIZED_AUTOS = YES_AGGRESSIVE;
				GCC_WARN_UNUSED_FUNCTION = YES;
				GCC_WARN_UNUSED_VARIABLE = YES;
				IPHONEOS_DEPLOYMENT_TARGET = 9.0;
				MTL_ENABLE_DEBUG_INFO = NO;
				SDKROOT = iphoneos;
				VALIDATE_PRODUCT = YES;
			};
			name = Release;
		};
		22681CDE1CCA689F00FC6EF9 /* Debug */ = {
			isa = XCBuildConfiguration;
			buildSettings = {
				ASSETCATALOG_COMPILER_APPICON_NAME = AppIcon;
				CODE_SIGN_IDENTITY = "iPhone Developer";
				"CODE_SIGN_IDENTITY[sdk=iphoneos*]" = "iPhone Developer";
				INFOPLIST_FILE = RemindMe/Info.plist;
				IPHONEOS_DEPLOYMENT_TARGET = 9.0;
				LD_RUNPATH_SEARCH_PATHS = "$(inherited) @executable_path/Frameworks";
				PRODUCT_BUNDLE_IDENTIFIER = "com.leah-padgett.RemindMe";
				PRODUCT_NAME = "$(TARGET_NAME)";
				PROVISIONING_PROFILE = "";
			};
			name = Debug;
		};
		22681CDF1CCA689F00FC6EF9 /* Release */ = {
			isa = XCBuildConfiguration;
			buildSettings = {
				ASSETCATALOG_COMPILER_APPICON_NAME = AppIcon;
				CODE_SIGN_IDENTITY = "iPhone Developer";
				"CODE_SIGN_IDENTITY[sdk=iphoneos*]" = "iPhone Developer";
				INFOPLIST_FILE = RemindMe/Info.plist;
				IPHONEOS_DEPLOYMENT_TARGET = 9.0;
				LD_RUNPATH_SEARCH_PATHS = "$(inherited) @executable_path/Frameworks";
				PRODUCT_BUNDLE_IDENTIFIER = "com.leah-padgett.RemindMe";
				PRODUCT_NAME = "$(TARGET_NAME)";
				PROVISIONING_PROFILE = "";
			};
			name = Release;
		};
/* End XCBuildConfiguration section */

/* Begin XCConfigurationList section */
		22681CBE1CCA689F00FC6EF9 /* Build configuration list for PBXProject "RemindMe" */ = {
			isa = XCConfigurationList;
			buildConfigurations = (
				22681CDB1CCA689F00FC6EF9 /* Debug */,
				22681CDC1CCA689F00FC6EF9 /* Release */,
			);
			defaultConfigurationIsVisible = 0;
			defaultConfigurationName = Release;
		};
		22681CDD1CCA689F00FC6EF9 /* Build configuration list for PBXNativeTarget "RemindMe" */ = {
			isa = XCConfigurationList;
			buildConfigurations = (
				22681CDE1CCA689F00FC6EF9 /* Debug */,
				22681CDF1CCA689F00FC6EF9 /* Release */,
			);
			defaultConfigurationIsVisible = 0;
			defaultConfigurationName = Release;
		};
/* End XCConfigurationList section */

/* Begin XCVersionGroup section */
		22681CD21CCA689F00FC6EF9 /* RemindMe.xcdatamodeld */ = {
			isa = XCVersionGroup;
			children = (
				22681CD31CCA689F00FC6EF9 /* RemindMe.xcdatamodel */,
			);
			currentVersion = 22681CD31CCA689F00FC6EF9 /* RemindMe.xcdatamodel */;
			path = RemindMe.xcdatamodeld;
			sourceTree = "<group>";
			versionGroupType = wrapper.xcdatamodel;
		};
		22E26D271D08F2810097DD7F /* RemindMe.xcdatamodeld */ = {
			isa = XCVersionGroup;
			children = (
				22E26D281D08F2810097DD7F /* RemindMe.xcdatamodel */,
			);
			currentVersion = 22E26D281D08F2810097DD7F /* RemindMe.xcdatamodel */;
			path = RemindMe.xcdatamodeld;
			sourceTree = "<group>";
			versionGroupType = wrapper.xcdatamodel;
		};
/* End XCVersionGroup section */
	};
	rootObject = 22681CBB1CCA689F00FC6EF9 /* Project object */;
}
